
Microsoft Visual Studio Solution File, Format Version 12.00
# Visual Studio Version 16
VisualStudioVersion = 16.0.32126.315
MinimumVisualStudioVersion = 10.0.40219.1
Project("{FAE04EC0-301F-11D3-BF4B-00C04F79EFBC}") = "INF272_HW04", "INF272_HW04\INF272_HW04.csproj", "{F205E007-2785-4D29-BE6D-11449BE212EF}"
EndProject
Global
	GlobalSection(SolutionConfigurationPlatforms) = preSolution
		Debug|Any CPU = Debug|Any CPU
		Release|Any CPU = Release|Any CPU
	EndGlobalSection
	GlobalSection(ProjectConfigurationPlatforms) = postSolution
		{F205E007-2785-4D29-BE6D-11449BE212EF}.Debug|Any CPU.ActiveCfg = Debug|Any CPU
		{F205E007-2785-4D29-BE6D-11449BE212EF}.Debug|Any CPU.Build.0 = Debug|Any CPU
		{F205E007-2785-4D29-BE6D-11449BE212EF}.Release|Any CPU.ActiveCfg = Release|Any CPU
		{F205E007-2785-4D29-BE6D-11449BE212EF}.Release|Any CPU.Build.0 = Release|Any CPU
	EndGlobalSection
	GlobalSection(SolutionProperties) = preSolution
		HideSolutionNode = FALSE
	EndGlobalSection
	GlobalSection(ExtensibilityGlobals) = postSolution
		SolutionGuid = {10D4D7C7-88EB-4C43-879F-4E0CA7200DCD}
	EndGlobalSection
EndGlobal
